// !$*UTF8*$!
{
	archiveVersion = 1;
	classes = {
	};
	objectVersion = 56;
	objects = {

/* Begin PBXBuildFile section */
		CA3B0D512A8E980700B1B89A /* HomeModel.swift in Sources */ = {isa = PBXBuildFile; fileRef = CA3B0D502A8E980700B1B89A /* HomeModel.swift */; };
		CA3B0D532A8E9B9100B1B89A /* HomeViewModel.swift in Sources */ = {isa = PBXBuildFile; fileRef = CA3B0D522A8E9B9100B1B89A /* HomeViewModel.swift */; };
		CA3B0D552A8EA35700B1B89A /* MessageView.swift in Sources */ = {isa = PBXBuildFile; fileRef = CA3B0D542A8EA35700B1B89A /* MessageView.swift */; };
		CA3B0D572A8EA36300B1B89A /* NotificationView.swift in Sources */ = {isa = PBXBuildFile; fileRef = CA3B0D562A8EA36300B1B89A /* NotificationView.swift */; };
		CA8671242A2FDA6C00CBB752 /* CombinApp.swift in Sources */ = {isa = PBXBuildFile; fileRef = CA8671232A2FDA6C00CBB752 /* CombinApp.swift */; };
		CA8671282A2FDA6D00CBB752 /* Assets.xcassets in Resources */ = {isa = PBXBuildFile; fileRef = CA8671272A2FDA6D00CBB752 /* Assets.xcassets */; };
		CA86712B2A2FDA6D00CBB752 /* Preview Assets.xcassets in Resources */ = {isa = PBXBuildFile; fileRef = CA86712A2A2FDA6D00CBB752 /* Preview Assets.xcassets */; };
		CA86713C2A2FDB4100CBB752 /* LoginView.swift in Sources */ = {isa = PBXBuildFile; fileRef = CA86713B2A2FDB4100CBB752 /* LoginView.swift */; };
		CA86713E2A2FDBA400CBB752 /* AppleSignView.swift in Sources */ = {isa = PBXBuildFile; fileRef = CA86713D2A2FDBA400CBB752 /* AppleSignView.swift */; };
		CA8671402A2FDBC500CBB752 /* GoogleSignView.swift in Sources */ = {isa = PBXBuildFile; fileRef = CA86713F2A2FDBC500CBB752 /* GoogleSignView.swift */; };
		CA8671422A2FDBD000CBB752 /* FacebookSignView.swift in Sources */ = {isa = PBXBuildFile; fileRef = CA8671412A2FDBD000CBB752 /* FacebookSignView.swift */; };
		CA8671442A2FDBD600CBB752 /* SignUpView.swift in Sources */ = {isa = PBXBuildFile; fileRef = CA8671432A2FDBD600CBB752 /* SignUpView.swift */; };
		CA8671462A2FDD7700CBB752 /* StartedView.swift in Sources */ = {isa = PBXBuildFile; fileRef = CA8671452A2FDD7700CBB752 /* StartedView.swift */; };
		CA8671482A2FDDD700CBB752 /* TabBar.swift in Sources */ = {isa = PBXBuildFile; fileRef = CA8671472A2FDDD700CBB752 /* TabBar.swift */; };
		CA86714A2A2FDE4600CBB752 /* ExploreView.swift in Sources */ = {isa = PBXBuildFile; fileRef = CA8671492A2FDE4600CBB752 /* ExploreView.swift */; };
		CA86714C2A2FDE4D00CBB752 /* HomeView.swift in Sources */ = {isa = PBXBuildFile; fileRef = CA86714B2A2FDE4D00CBB752 /* HomeView.swift */; };
		CA8671502A2FDE6E00CBB752 /* ProfileView.swift in Sources */ = {isa = PBXBuildFile; fileRef = CA86714F2A2FDE6E00CBB752 /* ProfileView.swift */; };
		CA8671522A2FDE7C00CBB752 /* StylistView.swift in Sources */ = {isa = PBXBuildFile; fileRef = CA8671512A2FDE7C00CBB752 /* StylistView.swift */; };
		CA8671542A2FDE8300CBB752 /* TabViews.swift in Sources */ = {isa = PBXBuildFile; fileRef = CA8671532A2FDE8300CBB752 /* TabViews.swift */; };
		CA8671562A2FDEED00CBB752 /* ShowcaseView.swift in Sources */ = {isa = PBXBuildFile; fileRef = CA8671552A2FDEED00CBB752 /* ShowcaseView.swift */; };
		CA8671582A2FDF1500CBB752 /* CombineView.swift in Sources */ = {isa = PBXBuildFile; fileRef = CA8671572A2FDF1500CBB752 /* CombineView.swift */; };
		CA86715A2A2FE9A800CBB752 /* SearchBarView.swift in Sources */ = {isa = PBXBuildFile; fileRef = CA8671592A2FE9A800CBB752 /* SearchBarView.swift */; };
		CA86715D2A2FEBCA00CBB752 /* UserInformationView.swift in Sources */ = {isa = PBXBuildFile; fileRef = CA86715C2A2FEBCA00CBB752 /* UserInformationView.swift */; };
		CA86715F2A2FEBEC00CBB752 /* CupboardView.swift in Sources */ = {isa = PBXBuildFile; fileRef = CA86715E2A2FEBEC00CBB752 /* CupboardView.swift */; };
		CA8671612A2FEC0100CBB752 /* BodySizeView.swift in Sources */ = {isa = PBXBuildFile; fileRef = CA8671602A2FEC0100CBB752 /* BodySizeView.swift */; };
		CA8671632A2FEC0C00CBB752 /* SettingsView.swift in Sources */ = {isa = PBXBuildFile; fileRef = CA8671622A2FEC0C00CBB752 /* SettingsView.swift */; };
		CA8671652A2FF8E500CBB752 /* TopView.swift in Sources */ = {isa = PBXBuildFile; fileRef = CA8671642A2FF8E500CBB752 /* TopView.swift */; };
		CA8671692A3007F300CBB752 /* MostFavoritesStylistsView.swift in Sources */ = {isa = PBXBuildFile; fileRef = CA8671682A3007F300CBB752 /* MostFavoritesStylistsView.swift */; };
		CA86716C2A300A4F00CBB752 /* NavigationBackBarButton.swift in Sources */ = {isa = PBXBuildFile; fileRef = CA86716B2A300A4F00CBB752 /* NavigationBackBarButton.swift */; };
/* End PBXBuildFile section */

/* Begin PBXFileReference section */
		CA3B0D502A8E980700B1B89A /* HomeModel.swift */ = {isa = PBXFileReference; lastKnownFileType = sourcecode.swift; path = HomeModel.swift; sourceTree = "<group>"; };
		CA3B0D522A8E9B9100B1B89A /* HomeViewModel.swift */ = {isa = PBXFileReference; lastKnownFileType = sourcecode.swift; path = HomeViewModel.swift; sourceTree = "<group>"; };
		CA3B0D542A8EA35700B1B89A /* MessageView.swift */ = {isa = PBXFileReference; lastKnownFileType = sourcecode.swift; path = MessageView.swift; sourceTree = "<group>"; };
		CA3B0D562A8EA36300B1B89A /* NotificationView.swift */ = {isa = PBXFileReference; lastKnownFileType = sourcecode.swift; path = NotificationView.swift; sourceTree = "<group>"; };
		CA8671202A2FDA6C00CBB752 /* Combin.app */ = {isa = PBXFileReference; explicitFileType = wrapper.application; includeInIndex = 0; path = Combin.app; sourceTree = BUILT_PRODUCTS_DIR; };
		CA8671232A2FDA6C00CBB752 /* CombinApp.swift */ = {isa = PBXFileReference; lastKnownFileType = sourcecode.swift; path = CombinApp.swift; sourceTree = "<group>"; };
		CA8671272A2FDA6D00CBB752 /* Assets.xcassets */ = {isa = PBXFileReference; lastKnownFileType = folder.assetcatalog; path = Assets.xcassets; sourceTree = "<group>"; };
		CA86712A2A2FDA6D00CBB752 /* Preview Assets.xcassets */ = {isa = PBXFileReference; lastKnownFileType = folder.assetcatalog; path = "Preview Assets.xcassets"; sourceTree = "<group>"; };
		CA86713B2A2FDB4100CBB752 /* LoginView.swift */ = {isa = PBXFileReference; lastKnownFileType = sourcecode.swift; path = LoginView.swift; sourceTree = "<group>"; };
		CA86713D2A2FDBA400CBB752 /* AppleSignView.swift */ = {isa = PBXFileReference; lastKnownFileType = sourcecode.swift; path = AppleSignView.swift; sourceTree = "<group>"; };
		CA86713F2A2FDBC500CBB752 /* GoogleSignView.swift */ = {isa = PBXFileReference; lastKnownFileType = sourcecode.swift; path = GoogleSignView.swift; sourceTree = "<group>"; };
		CA8671412A2FDBD000CBB752 /* FacebookSignView.swift */ = {isa = PBXFileReference; lastKnownFileType = sourcecode.swift; path = FacebookSignView.swift; sourceTree = "<group>"; };
		CA8671432A2FDBD600CBB752 /* SignUpView.swift */ = {isa = PBXFileReference; lastKnownFileType = sourcecode.swift; path = SignUpView.swift; sourceTree = "<group>"; };
		CA8671452A2FDD7700CBB752 /* StartedView.swift */ = {isa = PBXFileReference; lastKnownFileType = sourcecode.swift; path = StartedView.swift; sourceTree = "<group>"; };
		CA8671472A2FDDD700CBB752 /* TabBar.swift */ = {isa = PBXFileReference; lastKnownFileType = sourcecode.swift; path = TabBar.swift; sourceTree = "<group>"; };
		CA8671492A2FDE4600CBB752 /* ExploreView.swift */ = {isa = PBXFileReference; lastKnownFileType = sourcecode.swift; path = ExploreView.swift; sourceTree = "<group>"; };
		CA86714B2A2FDE4D00CBB752 /* HomeView.swift */ = {isa = PBXFileReference; lastKnownFileType = sourcecode.swift; path = HomeView.swift; sourceTree = "<group>"; };
		CA86714F2A2FDE6E00CBB752 /* ProfileView.swift */ = {isa = PBXFileReference; lastKnownFileType = sourcecode.swift; path = ProfileView.swift; sourceTree = "<group>"; };
		CA8671512A2FDE7C00CBB752 /* StylistView.swift */ = {isa = PBXFileReference; lastKnownFileType = sourcecode.swift; path = StylistView.swift; sourceTree = "<group>"; };
		CA8671532A2FDE8300CBB752 /* TabViews.swift */ = {isa = PBXFileReference; lastKnownFileType = sourcecode.swift; path = TabViews.swift; sourceTree = "<group>"; };
		CA8671552A2FDEED00CBB752 /* ShowcaseView.swift */ = {isa = PBXFileReference; lastKnownFileType = sourcecode.swift; path = ShowcaseView.swift; sourceTree = "<group>"; };
		CA8671572A2FDF1500CBB752 /* CombineView.swift */ = {isa = PBXFileReference; lastKnownFileType = sourcecode.swift; path = CombineView.swift; sourceTree = "<group>"; };
		CA8671592A2FE9A800CBB752 /* SearchBarView.swift */ = {isa = PBXFileReference; lastKnownFileType = sourcecode.swift; path = SearchBarView.swift; sourceTree = "<group>"; };
		CA86715C2A2FEBCA00CBB752 /* UserInformationView.swift */ = {isa = PBXFileReference; lastKnownFileType = sourcecode.swift; path = UserInformationView.swift; sourceTree = "<group>"; };
		CA86715E2A2FEBEC00CBB752 /* CupboardView.swift */ = {isa = PBXFileReference; lastKnownFileType = sourcecode.swift; path = CupboardView.swift; sourceTree = "<group>"; };
		CA8671602A2FEC0100CBB752 /* BodySizeView.swift */ = {isa = PBXFileReference; lastKnownFileType = sourcecode.swift; path = BodySizeView.swift; sourceTree = "<group>"; };
		CA8671622A2FEC0C00CBB752 /* SettingsView.swift */ = {isa = PBXFileReference; lastKnownFileType = sourcecode.swift; path = SettingsView.swift; sourceTree = "<group>"; };
		CA8671642A2FF8E500CBB752 /* TopView.swift */ = {isa = PBXFileReference; lastKnownFileType = sourcecode.swift; path = TopView.swift; sourceTree = "<group>"; };
		CA8671682A3007F300CBB752 /* MostFavoritesStylistsView.swift */ = {isa = PBXFileReference; lastKnownFileType = sourcecode.swift; path = MostFavoritesStylistsView.swift; sourceTree = "<group>"; };
		CA86716B2A300A4F00CBB752 /* NavigationBackBarButton.swift */ = {isa = PBXFileReference; lastKnownFileType = sourcecode.swift; path = NavigationBackBarButton.swift; sourceTree = "<group>"; };
/* End PBXFileReference section */

/* Begin PBXFrameworksBuildPhase section */
		CA86711D2A2FDA6C00CBB752 /* Frameworks */ = {
			isa = PBXFrameworksBuildPhase;
			buildActionMask = 2147483647;
			files = (
			);
			runOnlyForDeploymentPostprocessing = 0;
		};
/* End PBXFrameworksBuildPhase section */

/* Begin PBXGroup section */
		CA34D5C82A88F2600045965F /* Views */ = {
			isa = PBXGroup;
			children = (
				CA86716A2A300A3E00CBB752 /* Components */,
				CA8671382A2FDB1F00CBB752 /* VitrinView */,
				CA8671312A2FDA8700CBB752 /* CombineView */,
				CA8671322A2FDACF00CBB752 /* LoginViews */,
				CA8671342A2FDADE00CBB752 /* SignUpView */,
				CA8671352A2FDAE900CBB752 /* StartedView */,
				CA8671362A2FDAF000CBB752 /* TabBar */,
				CA8671372A2FDB1900CBB752 /* TabView */,
				CA3B0D542A8EA35700B1B89A /* MessageView.swift */,
				CA3B0D562A8EA36300B1B89A /* NotificationView.swift */,
			);
			path = Views;
			sourceTree = "<group>";
		};
		CA34D5C92A88F2900045965F /* Model */ = {
			isa = PBXGroup;
			children = (
				CA3B0D502A8E980700B1B89A /* HomeModel.swift */,
			);
			path = Model;
			sourceTree = "<group>";
		};
		CA34D5CA2A88F2950045965F /* ViewModel */ = {
			isa = PBXGroup;
			children = (
				CA3B0D522A8E9B9100B1B89A /* HomeViewModel.swift */,
			);
			path = ViewModel;
			sourceTree = "<group>";
		};
		CA8671172A2FDA6B00CBB752 = {
			isa = PBXGroup;
			children = (
				CA8671222A2FDA6C00CBB752 /* Combin */,
				CA8671212A2FDA6C00CBB752 /* Products */,
			);
			sourceTree = "<group>";
		};
		CA8671212A2FDA6C00CBB752 /* Products */ = {
			isa = PBXGroup;
			children = (
				CA8671202A2FDA6C00CBB752 /* Combin.app */,
			);
			name = Products;
			sourceTree = "<group>";
		};
		CA8671222A2FDA6C00CBB752 /* Combin */ = {
			isa = PBXGroup;
			children = (
				CA34D5C92A88F2900045965F /* Model */,
				CA34D5CA2A88F2950045965F /* ViewModel */,
				CA34D5C82A88F2600045965F /* Views */,
				CA8671232A2FDA6C00CBB752 /* CombinApp.swift */,
				CA8671272A2FDA6D00CBB752 /* Assets.xcassets */,
				CA8671292A2FDA6D00CBB752 /* Preview Content */,
			);
			path = Combin;
			sourceTree = "<group>";
		};
		CA8671292A2FDA6D00CBB752 /* Preview Content */ = {
			isa = PBXGroup;
			children = (
				CA86712A2A2FDA6D00CBB752 /* Preview Assets.xcassets */,
			);
			path = "Preview Content";
			sourceTree = "<group>";
		};
		CA8671312A2FDA8700CBB752 /* CombineView */ = {
			isa = PBXGroup;
			children = (
				CA8671572A2FDF1500CBB752 /* CombineView.swift */,
			);
			path = CombineView;
			sourceTree = "<group>";
		};
		CA8671322A2FDACF00CBB752 /* LoginViews */ = {
			isa = PBXGroup;
			children = (
				CA86713B2A2FDB4100CBB752 /* LoginView.swift */,
			);
			path = LoginViews;
			sourceTree = "<group>";
		};
		CA8671342A2FDADE00CBB752 /* SignUpView */ = {
			isa = PBXGroup;
			children = (
				CA86713D2A2FDBA400CBB752 /* AppleSignView.swift */,
				CA86713F2A2FDBC500CBB752 /* GoogleSignView.swift */,
				CA8671412A2FDBD000CBB752 /* FacebookSignView.swift */,
				CA8671432A2FDBD600CBB752 /* SignUpView.swift */,
			);
			path = SignUpView;
			sourceTree = "<group>";
		};
		CA8671352A2FDAE900CBB752 /* StartedView */ = {
			isa = PBXGroup;
			children = (
				CA8671452A2FDD7700CBB752 /* StartedView.swift */,
			);
			path = StartedView;
			sourceTree = "<group>";
		};
		CA8671362A2FDAF000CBB752 /* TabBar */ = {
			isa = PBXGroup;
			children = (
				CA8671472A2FDDD700CBB752 /* TabBar.swift */,
				CA8671532A2FDE8300CBB752 /* TabViews.swift */,
			);
			path = TabBar;
			sourceTree = "<group>";
		};
		CA8671372A2FDB1900CBB752 /* TabView */ = {
			isa = PBXGroup;
			children = (
				CA8671672A3007D100CBB752 /* ExploreView */,
				CA86715B2A2FEBAD00CBB752 /* ProfileView */,
				CA86714B2A2FDE4D00CBB752 /* HomeView.swift */,
				CA8671512A2FDE7C00CBB752 /* StylistView.swift */,
			);
			path = TabView;
			sourceTree = "<group>";
		};
		CA8671382A2FDB1F00CBB752 /* VitrinView */ = {
			isa = PBXGroup;
			children = (
				CA8671552A2FDEED00CBB752 /* ShowcaseView.swift */,
			);
			path = VitrinView;
			sourceTree = "<group>";
		};
		CA86715B2A2FEBAD00CBB752 /* ProfileView */ = {
			isa = PBXGroup;
			children = (
				CA8671662A2FF97200CBB752 /* Components */,
				CA86714F2A2FDE6E00CBB752 /* ProfileView.swift */,
				CA86715C2A2FEBCA00CBB752 /* UserInformationView.swift */,
				CA86715E2A2FEBEC00CBB752 /* CupboardView.swift */,
				CA8671602A2FEC0100CBB752 /* BodySizeView.swift */,
				CA8671622A2FEC0C00CBB752 /* SettingsView.swift */,
			);
			path = ProfileView;
			sourceTree = "<group>";
		};
		CA8671662A2FF97200CBB752 /* Components */ = {
			isa = PBXGroup;
			children = (
				CA8671642A2FF8E500CBB752 /* TopView.swift */,
			);
			path = Components;
			sourceTree = "<group>";
		};
		CA8671672A3007D100CBB752 /* ExploreView */ = {
			isa = PBXGroup;
			children = (
				CA8671492A2FDE4600CBB752 /* ExploreView.swift */,
				CA8671682A3007F300CBB752 /* MostFavoritesStylistsView.swift */,
			);
			path = ExploreView;
			sourceTree = "<group>";
		};
		CA86716A2A300A3E00CBB752 /* Components */ = {
			isa = PBXGroup;
			children = (
				CA8671592A2FE9A800CBB752 /* SearchBarView.swift */,
				CA86716B2A300A4F00CBB752 /* NavigationBackBarButton.swift */,
			);
			path = Components;
			sourceTree = "<group>";
		};
/* End PBXGroup section */

/* Begin PBXNativeTarget section */
		CA86711F2A2FDA6C00CBB752 /* Combin */ = {
			isa = PBXNativeTarget;
			buildConfigurationList = CA86712E2A2FDA6D00CBB752 /* Build configuration list for PBXNativeTarget "Combin" */;
			buildPhases = (
				CA86711C2A2FDA6C00CBB752 /* Sources */,
				CA86711D2A2FDA6C00CBB752 /* Frameworks */,
				CA86711E2A2FDA6C00CBB752 /* Resources */,
			);
			buildRules = (
			);
			dependencies = (
			);
			name = Combin;
			productName = Combin;
			productReference = CA8671202A2FDA6C00CBB752 /* Combin.app */;
			productType = "com.apple.product-type.application";
		};
/* End PBXNativeTarget section */

/* Begin PBXProject section */
		CA8671182A2FDA6B00CBB752 /* Project object */ = {
			isa = PBXProject;
			attributes = {
				BuildIndependentTargetsInParallel = 1;
				LastSwiftUpdateCheck = 1430;
				LastUpgradeCheck = 1430;
				TargetAttributes = {
					CA86711F2A2FDA6C00CBB752 = {
						CreatedOnToolsVersion = 14.3.1;
					};
				};
			};
			buildConfigurationList = CA86711B2A2FDA6B00CBB752 /* Build configuration list for PBXProject "Combin" */;
			compatibilityVersion = "Xcode 14.0";
			developmentRegion = en;
			hasScannedForEncodings = 0;
			knownRegions = (
				en,
				Base,
			);
			mainGroup = CA8671172A2FDA6B00CBB752;
			productRefGroup = CA8671212A2FDA6C00CBB752 /* Products */;
			projectDirPath = "";
			projectRoot = "";
			targets = (
				CA86711F2A2FDA6C00CBB752 /* Combin */,
			);
		};
/* End PBXProject section */

/* Begin PBXResourcesBuildPhase section */
		CA86711E2A2FDA6C00CBB752 /* Resources */ = {
			isa = PBXResourcesBuildPhase;
			buildActionMask = 2147483647;
			files = (
				CA86712B2A2FDA6D00CBB752 /* Preview Assets.xcassets in Resources */,
				CA8671282A2FDA6D00CBB752 /* Assets.xcassets in Resources */,
			);
			runOnlyForDeploymentPostprocessing = 0;
		};
/* End PBXResourcesBuildPhase section */

/* Begin PBXSourcesBuildPhase section */
		CA86711C2A2FDA6C00CBB752 /* Sources */ = {
			isa = PBXSourcesBuildPhase;
			buildActionMask = 2147483647;
			files = (
				CA8671482A2FDDD700CBB752 /* TabBar.swift in Sources */,
				CA86713C2A2FDB4100CBB752 /* LoginView.swift in Sources */,
				CA8671562A2FDEED00CBB752 /* ShowcaseView.swift in Sources */,
				CA3B0D532A8E9B9100B1B89A /* HomeViewModel.swift in Sources */,
				CA86715D2A2FEBCA00CBB752 /* UserInformationView.swift in Sources */,
				CA8671692A3007F300CBB752 /* MostFavoritesStylistsView.swift in Sources */,
				CA8671582A2FDF1500CBB752 /* CombineView.swift in Sources */,
				CA8671632A2FEC0C00CBB752 /* SettingsView.swift in Sources */,
				CA3B0D572A8EA36300B1B89A /* NotificationView.swift in Sources */,
				CA86715A2A2FE9A800CBB752 /* SearchBarView.swift in Sources */,
				CA8671652A2FF8E500CBB752 /* TopView.swift in Sources */,
				CA86716C2A300A4F00CBB752 /* NavigationBackBarButton.swift in Sources */,
				CA8671422A2FDBD000CBB752 /* FacebookSignView.swift in Sources */,
				CA8671502A2FDE6E00CBB752 /* ProfileView.swift in Sources */,
				CA86714A2A2FDE4600CBB752 /* ExploreView.swift in Sources */,
				CA86714C2A2FDE4D00CBB752 /* HomeView.swift in Sources */,
				CA8671522A2FDE7C00CBB752 /* StylistView.swift in Sources */,
				CA8671612A2FEC0100CBB752 /* BodySizeView.swift in Sources */,
				CA8671442A2FDBD600CBB752 /* SignUpView.swift in Sources */,
				CA3B0D552A8EA35700B1B89A /* MessageView.swift in Sources */,
				CA8671242A2FDA6C00CBB752 /* CombinApp.swift in Sources */,
				CA8671402A2FDBC500CBB752 /* GoogleSignView.swift in Sources */,
				CA86715F2A2FEBEC00CBB752 /* CupboardView.swift in Sources */,
				CA3B0D512A8E980700B1B89A /* HomeModel.swift in Sources */,
				CA8671462A2FDD7700CBB752 /* StartedView.swift in Sources */,
				CA8671542A2FDE8300CBB752 /* TabViews.swift in Sources */,
				CA86713E2A2FDBA400CBB752 /* AppleSignView.swift in Sources */,
			);
			runOnlyForDeploymentPostprocessing = 0;
		};
/* End PBXSourcesBuildPhase section */

/* Begin XCBuildConfiguration section */
		CA86712C2A2FDA6D00CBB752 /* Debug */ = {
			isa = XCBuildConfiguration;
			buildSettings = {
				ALWAYS_SEARCH_USER_PATHS = NO;
				CLANG_ANALYZER_NONNULL = YES;
				CLANG_ANALYZER_NUMBER_OBJECT_CONVERSION = YES_AGGRESSIVE;
				CLANG_CXX_LANGUAGE_STANDARD = "gnu++20";
				CLANG_ENABLE_MODULES = YES;
				CLANG_ENABLE_OBJC_ARC = YES;
				CLANG_ENABLE_OBJC_WEAK = YES;
				CLANG_WARN_BLOCK_CAPTURE_AUTORELEASING = YES;
				CLANG_WARN_BOOL_CONVERSION = YES;
				CLANG_WARN_COMMA = YES;
				CLANG_WARN_CONSTANT_CONVERSION = YES;
				CLANG_WARN_DEPRECATED_OBJC_IMPLEMENTATIONS = YES;
				CLANG_WARN_DIRECT_OBJC_ISA_USAGE = YES_ERROR;
				CLANG_WARN_DOCUMENTATION_COMMENTS = YES;
				CLANG_WARN_EMPTY_BODY = YES;
				CLANG_WARN_ENUM_CONVERSION = YES;
				CLANG_WARN_INFINITE_RECURSION = YES;
				CLANG_WARN_INT_CONVERSION = YES;
				CLANG_WARN_NON_LITERAL_NULL_CONVERSION = YES;
				CLANG_WARN_OBJC_IMPLICIT_RETAIN_SELF = YES;
				CLANG_WARN_OBJC_LITERAL_CONVERSION = YES;
				CLANG_WARN_OBJC_ROOT_CLASS = YES_ERROR;
				CLANG_WARN_QUOTED_INCLUDE_IN_FRAMEWORK_HEADER = YES;
				CLANG_WARN_RANGE_LOOP_ANALYSIS = YES;
				CLANG_WARN_STRICT_PROTOTYPES = YES;
				CLANG_WARN_SUSPICIOUS_MOVE = YES;
				CLANG_WARN_UNGUARDED_AVAILABILITY = YES_AGGRESSIVE;
				CLANG_WARN_UNREACHABLE_CODE = YES;
				CLANG_WARN__DUPLICATE_METHOD_MATCH = YES;
				COPY_PHASE_STRIP = NO;
				DEBUG_INFORMATION_FORMAT = dwarf;
				ENABLE_STRICT_OBJC_MSGSEND = YES;
				ENABLE_TESTABILITY = YES;
				GCC_C_LANGUAGE_STANDARD = gnu11;
				GCC_DYNAMIC_NO_PIC = NO;
				GCC_NO_COMMON_BLOCKS = YES;
				GCC_OPTIMIZATION_LEVEL = 0;
				GCC_PREPROCESSOR_DEFINITIONS = (
					"DEBUG=1",
					"$(inherited)",
				);
				GCC_WARN_64_TO_32_BIT_CONVERSION = YES;
				GCC_WARN_ABOUT_RETURN_TYPE = YES_ERROR;
				GCC_WARN_UNDECLARED_SELECTOR = YES;
				GCC_WARN_UNINITIALIZED_AUTOS = YES_AGGRESSIVE;
				GCC_WARN_UNUSED_FUNCTION = YES;
				GCC_WARN_UNUSED_VARIABLE = YES;
				IPHONEOS_DEPLOYMENT_TARGET = 16.4;
				MTL_ENABLE_DEBUG_INFO = INCLUDE_SOURCE;
				MTL_FAST_MATH = YES;
				ONLY_ACTIVE_ARCH = YES;
				SDKROOT = iphoneos;
				SWIFT_ACTIVE_COMPILATION_CONDITIONS = DEBUG;
				SWIFT_OPTIMIZATION_LEVEL = "-Onone";
			};
			name = Debug;
		};
		CA86712D2A2FDA6D00CBB752 /* Release */ = {
			isa = XCBuildConfiguration;
			buildSettings = {
				ALWAYS_SEARCH_USER_PATHS = NO;
				CLANG_ANALYZER_NONNULL = YES;
				CLANG_ANALYZER_NUMBER_OBJECT_CONVERSION = YES_AGGRESSIVE;
				CLANG_CXX_LANGUAGE_STANDARD = "gnu++20";
				CLANG_ENABLE_MODULES = YES;
				CLANG_ENABLE_OBJC_ARC = YES;
				CLANG_ENABLE_OBJC_WEAK = YES;
				CLANG_WARN_BLOCK_CAPTURE_AUTORELEASING = YES;
				CLANG_WARN_BOOL_CONVERSION = YES;
				CLANG_WARN_COMMA = YES;
				CLANG_WARN_CONSTANT_CONVERSION = YES;
				CLANG_WARN_DEPRECATED_OBJC_IMPLEMENTATIONS = YES;
				CLANG_WARN_DIRECT_OBJC_ISA_USAGE = YES_ERROR;
				CLANG_WARN_DOCUMENTATION_COMMENTS = YES;
				CLANG_WARN_EMPTY_BODY = YES;
				CLANG_WARN_ENUM_CONVERSION = YES;
				CLANG_WARN_INFINITE_RECURSION = YES;
				CLANG_WARN_INT_CONVERSION = YES;
				CLANG_WARN_NON_LITERAL_NULL_CONVERSION = YES;
				CLANG_WARN_OBJC_IMPLICIT_RETAIN_SELF = YES;
				CLANG_WARN_OBJC_LITERAL_CONVERSION = YES;
				CLANG_WARN_OBJC_ROOT_CLASS = YES_ERROR;
				CLANG_WARN_QUOTED_INCLUDE_IN_FRAMEWORK_HEADER = YES;
				CLANG_WARN_RANGE_LOOP_ANALYSIS = YES;
				CLANG_WARN_STRICT_PROTOTYPES = YES;
				CLANG_WARN_SUSPICIOUS_MOVE = YES;
				CLANG_WARN_UNGUARDED_AVAILABILITY = YES_AGGRESSIVE;
				CLANG_WARN_UNREACHABLE_CODE = YES;
				CLANG_WARN__DUPLICATE_METHOD_MATCH = YES;
				COPY_PHASE_STRIP = NO;
				DEBUG_INFORMATION_FORMAT = "dwarf-with-dsym";
				ENABLE_NS_ASSERTIONS = NO;
				ENABLE_STRICT_OBJC_MSGSEND = YES;
				GCC_C_LANGUAGE_STANDARD = gnu11;
				GCC_NO_COMMON_BLOCKS = YES;
				GCC_WARN_64_TO_32_BIT_CONVERSION = YES;
				GCC_WARN_ABOUT_RETURN_TYPE = YES_ERROR;
				GCC_WARN_UNDECLARED_SELECTOR = YES;
				GCC_WARN_UNINITIALIZED_AUTOS = YES_AGGRESSIVE;
				GCC_WARN_UNUSED_FUNCTION = YES;
				GCC_WARN_UNUSED_VARIABLE = YES;
				IPHONEOS_DEPLOYMENT_TARGET = 16.4;
				MTL_ENABLE_DEBUG_INFO = NO;
				MTL_FAST_MATH = YES;
				SDKROOT = iphoneos;
				SWIFT_COMPILATION_MODE = wholemodule;
				SWIFT_OPTIMIZATION_LEVEL = "-O";
				VALIDATE_PRODUCT = YES;
			};
			name = Release;
		};
		CA86712F2A2FDA6D00CBB752 /* Debug */ = {
			isa = XCBuildConfiguration;
			buildSettings = {
				ASSETCATALOG_COMPILER_APPICON_NAME = AppIcon;
				ASSETCATALOG_COMPILER_GLOBAL_ACCENT_COLOR_NAME = AccentColor;
				CODE_SIGN_STYLE = Automatic;
				CURRENT_PROJECT_VERSION = 1;
				DEVELOPMENT_ASSET_PATHS = "\"Combin/Preview Content\"";
				DEVELOPMENT_TEAM = R5V69FP2Q6;
				ENABLE_PREVIEWS = YES;
				GENERATE_INFOPLIST_FILE = YES;
				INFOPLIST_KEY_UIApplicationSceneManifest_Generation = YES;
				INFOPLIST_KEY_UIApplicationSupportsIndirectInputEvents = YES;
				INFOPLIST_KEY_UILaunchScreen_Generation = YES;
				INFOPLIST_KEY_UISupportedInterfaceOrientations_iPad = "UIInterfaceOrientationPortrait UIInterfaceOrientationPortraitUpsideDown UIInterfaceOrientationLandscapeLeft UIInterfaceOrientationLandscapeRight";
				INFOPLIST_KEY_UISupportedInterfaceOrientations_iPhone = "UIInterfaceOrientationPortrait UIInterfaceOrientationLandscapeLeft UIInterfaceOrientationLandscapeRight";
				LD_RUNPATH_SEARCH_PATHS = (
					"$(inherited)",
					"@executable_path/Frameworks",
				);
				MARKETING_VERSION = 1.0;
				PRODUCT_BUNDLE_IDENTIFIER = com.ozencyeni.Combin;
				PRODUCT_NAME = "$(TARGET_NAME)";
				SWIFT_EMIT_LOC_STRINGS = YES;
				SWIFT_VERSION = 5.0;
				TARGETED_DEVICE_FAMILY = "1,2";
			};
			name = Debug;
		};
		CA8671302A2FDA6D00CBB752 /* Release */ = {
			isa = XCBuildConfiguration;
			buildSettings = {
				ASSETCATALOG_COMPILER_APPICON_NAME = AppIcon;
				ASSETCATALOG_COMPILER_GLOBAL_ACCENT_COLOR_NAME = AccentColor;
				CODE_SIGN_STYLE = Automatic;
				CURRENT_PROJECT_VERSION = 1;
				DEVELOPMENT_ASSET_PATHS = "\"Combin/Preview Content\"";
				DEVELOPMENT_TEAM = R5V69FP2Q6;
				ENABLE_PREVIEWS = YES;
				GENERATE_INFOPLIST_FILE = YES;
				INFOPLIST_KEY_UIApplicationSceneManifest_Generation = YES;
				INFOPLIST_KEY_UIApplicationSupportsIndirectInputEvents = YES;
				INFOPLIST_KEY_UILaunchScreen_Generation = YES;
				INFOPLIST_KEY_UISupportedInterfaceOrientations_iPad = "UIInterfaceOrientationPortrait UIInterfaceOrientationPortraitUpsideDown UIInterfaceOrientationLandscapeLeft UIInterfaceOrientationLandscapeRight";
				INFOPLIST_KEY_UISupportedInterfaceOrientations_iPhone = "UIInterfaceOrientationPortrait UIInterfaceOrientationLandscapeLeft UIInterfaceOrientationLandscapeRight";
				LD_RUNPATH_SEARCH_PATHS = (
					"$(inherited)",
					"@executable_path/Frameworks",
				);
				MARKETING_VERSION = 1.0;
				PRODUCT_BUNDLE_IDENTIFIER = com.ozencyeni.Combin;
				PRODUCT_NAME = "$(TARGET_NAME)";
				SWIFT_EMIT_LOC_STRINGS = YES;
				SWIFT_VERSION = 5.0;
				TARGETED_DEVICE_FAMILY = "1,2";
			};
			name = Release;
		};
/* End XCBuildConfiguration section */

/* Begin XCConfigurationList section */
		CA86711B2A2FDA6B00CBB752 /* Build configuration list for PBXProject "Combin" */ = {
			isa = XCConfigurationList;
			buildConfigurations = (
				CA86712C2A2FDA6D00CBB752 /* Debug */,
				CA86712D2A2FDA6D00CBB752 /* Release */,
			);
			defaultConfigurationIsVisible = 0;
			defaultConfigurationName = Release;
		};
		CA86712E2A2FDA6D00CBB752 /* Build configuration list for PBXNativeTarget "Combin" */ = {
			isa = XCConfigurationList;
			buildConfigurations = (
				CA86712F2A2FDA6D00CBB752 /* Debug */,
				CA8671302A2FDA6D00CBB752 /* Release */,
			);
			defaultConfigurationIsVisible = 0;
			defaultConfigurationName = Release;
		};
/* End XCConfigurationList section */
	};
	rootObject = CA8671182A2FDA6B00CBB752 /* Project object */;
}
